{
  "name": "bmsusers",
  "lockfileVersion": 2,
  "requires": true,
  "packages": {
    "": {
      "dependencies": {
        "react-secure-storage": "^1.0.22"
      }
    },
    "node_modules/crypto-js": {
      "version": "4.1.1",
      "resolved": "https://registry.npmjs.org/crypto-js/-/crypto-js-4.1.1.tgz",
      "integrity": "sha512-o2JlM7ydqd3Qk9CA0L4NL6mTzU2sdx96a+oOfPu8Mkl/PK51vSyoi8/rQ8NknZtk44vq15lmhAj9CIAGwgeWKw=="
    },
    "node_modules/murmurhash-js": {
      "version": "1.0.0",
      "resolved": "https://registry.npmjs.org/murmurhash-js/-/murmurhash-js-1.0.0.tgz",
      "integrity": "sha512-TvmkNhkv8yct0SVBSy+o8wYzXjE4Zz3PCesbfs8HiCXXdcTuocApFv11UWlNFWKYsP2okqrhb7JNlSm9InBhIw=="
    },
    "node_modules/react-secure-storage": {
      "version": "1.0.22",
      "resolved": "https://registry.npmjs.org/react-secure-storage/-/react-secure-storage-1.0.22.tgz",
      "integrity": "sha512-/Cc1uPynXMG1rdjRSNg6nSCDz2RYGIkFab0axUiZ4ne3ZrtGWBbRNJ9474oLI+MTFj9LupN9832j0rV9kr8D+A==",
      "dependencies": {
        "crypto-js": "^4.1.1",
        "murmurhash-js": "^1.0.0"
      }
    }
  },
  "dependencies": {
    "crypto-js": {
      "version": "4.1.1",
      "resolved": "https://registry.npmjs.org/crypto-js/-/crypto-js-4.1.1.tgz",
      "integrity": "sha512-o2JlM7ydqd3Qk9CA0L4NL6mTzU2sdx96a+oOfPu8Mkl/PK51vSyoi8/rQ8NknZtk44vq15lmhAj9CIAGwgeWKw=="
    },
    "murmurhash-js": {
      "version": "1.0.0",
      "resolved": "https://registry.npmjs.org/murmurhash-js/-/murmurhash-js-1.0.0.tgz",
      "integrity": "sha512-TvmkNhkv8yct0SVBSy+o8wYzXjE4Zz3PCesbfs8HiCXXdcTuocApFv11UWlNFWKYsP2okqrhb7JNlSm9InBhIw=="
    },
    "react-secure-storage": {
      "version": "1.0.22",
      "resolved": "https://registry.npmjs.org/react-secure-storage/-/react-secure-storage-1.0.22.tgz",
      "integrity": "sha512-/Cc1uPynXMG1rdjRSNg6nSCDz2RYGIkFab0axUiZ4ne3ZrtGWBbRNJ9474oLI+MTFj9LupN9832j0rV9kr8D+A==",
      "requires": {
        "crypto-js": "^4.1.1",
        "murmurhash-js": "^1.0.0"
      }
    }
  }
}
